
Microsoft Visual Studio Solution File, Format Version 12.00
# Visual Studio Version 17
VisualStudioVersion = 17.5.001.0
MinimumVisualStudioVersion = 10.0.40219.1
Project("{9A19103F-16F7-4668-BE54-9A1E7A4F7556}") = "3", "3.csproj", "{20B152E3-5721-458E-ADB9-BC27BA1039BC}"
EndProject
Global
	GlobalSection(SolutionConfigurationPlatforms) = preSolution
		Debug|Any CPU = Debug|Any CPU
		Release|Any CPU = Release|Any CPU
	EndGlobalSection
	GlobalSection(ProjectConfigurationPlatforms) = postSolution
		{20B152E3-5721-458E-ADB9-BC27BA1039BC}.Debug|Any CPU.ActiveCfg = Debug|Any CPU
		{20B152E3-5721-458E-ADB9-BC27BA1039BC}.Debug|Any CPU.Build.0 = Debug|Any CPU
		{20B152E3-5721-458E-ADB9-BC27BA1039BC}.Release|Any CPU.ActiveCfg = Release|Any CPU
		{20B152E3-5721-458E-ADB9-BC27BA1039BC}.Release|Any CPU.Build.0 = Release|Any CPU
	EndGlobalSection
	GlobalSection(SolutionProperties) = preSolution
		HideSolutionNode = FALSE
	EndGlobalSection
	GlobalSection(ExtensibilityGlobals) = postSolution
		SolutionGuid = {FA1F4454-F257-4A03-A128-6C04D7B9A0F8}
	EndGlobalSection
EndGlobal
