
Microsoft Visual Studio Solution File, Format Version 12.00
# Visual Studio Version 17
VisualStudioVersion = 17.5.001.0
MinimumVisualStudioVersion = 10.0.40219.1
Project("{9A19103F-16F7-4668-BE54-9A1E7A4F7556}") = "2", "2.csproj", "{299CDBFB-F6A4-43A9-BB45-01ADA496EE10}"
EndProject
Global
	GlobalSection(SolutionConfigurationPlatforms) = preSolution
		Debug|Any CPU = Debug|Any CPU
		Release|Any CPU = Release|Any CPU
	EndGlobalSection
	GlobalSection(ProjectConfigurationPlatforms) = postSolution
		{299CDBFB-F6A4-43A9-BB45-01ADA496EE10}.Debug|Any CPU.ActiveCfg = Debug|Any CPU
		{299CDBFB-F6A4-43A9-BB45-01ADA496EE10}.Debug|Any CPU.Build.0 = Debug|Any CPU
		{299CDBFB-F6A4-43A9-BB45-01ADA496EE10}.Release|Any CPU.ActiveCfg = Release|Any CPU
		{299CDBFB-F6A4-43A9-BB45-01ADA496EE10}.Release|Any CPU.Build.0 = Release|Any CPU
	EndGlobalSection
	GlobalSection(SolutionProperties) = preSolution
		HideSolutionNode = FALSE
	EndGlobalSection
	GlobalSection(ExtensibilityGlobals) = postSolution
		SolutionGuid = {20E8D3DD-CE31-4417-87B8-B5B3F9AE5403}
	EndGlobalSection
EndGlobal
